
Microsoft Visual Studio Solution File, Format Version 12.00
# Visual Studio Version 17
VisualStudioVersion = 17.9.34728.123
MinimumVisualStudioVersion = 10.0.40219.1
Project("{9A19103F-16F7-4668-BE54-9A1E7A4F7556}") = "SequenceAPITest", "SequenceAPITest\SequenceAPITest.csproj", "{98FF4B17-122D-402D-8759-C1AB26DDD086}"
EndProject
Project("{2150E333-8FDC-42A3-9474-1A3956D46DE8}") = "Solution Items", "Solution Items", "{E9E5817D-5466-4D0D-A544-311F83C0FD72}"
	ProjectSection(SolutionItems) = preProject
		SequenceAPITest\README.md = SequenceAPITest\README.md
		SequenceAPITest\ScreenShot1.png = SequenceAPITest\ScreenShot1.png
		SequenceAPITest\SequenceAPITest Installer.msi = SequenceAPITest\SequenceAPITest Installer.msi
		SequenceAPITest\UsageScreenShot1.png = SequenceAPITest\UsageScreenShot1.png
		SequenceAPITest\UsageScreenShot2.png = SequenceAPITest\UsageScreenShot2.png
		SequenceAPITest\UsageScreenShot3.png = SequenceAPITest\UsageScreenShot3.png
	EndProjectSection
EndProject
Project("{54435603-DBB4-11D2-8724-00A0C9A8B90C}") = "SequenceAPITest Installer", "SequenceAPITest Installer\SequenceAPITest Installer.vdproj", "{FC91241B-E4C3-4609-AED6-622B13D3AB2E}"
EndProject
Global
	GlobalSection(SolutionConfigurationPlatforms) = preSolution
		Debug|Any CPU = Debug|Any CPU
		Release|Any CPU = Release|Any CPU
	EndGlobalSection
	GlobalSection(ProjectConfigurationPlatforms) = postSolution
		{98FF4B17-122D-402D-8759-C1AB26DDD086}.Debug|Any CPU.ActiveCfg = Debug|Any CPU
		{98FF4B17-122D-402D-8759-C1AB26DDD086}.Debug|Any CPU.Build.0 = Debug|Any CPU
		{98FF4B17-122D-402D-8759-C1AB26DDD086}.Release|Any CPU.ActiveCfg = Release|Any CPU
		{98FF4B17-122D-402D-8759-C1AB26DDD086}.Release|Any CPU.Build.0 = Release|Any CPU
		{FC91241B-E4C3-4609-AED6-622B13D3AB2E}.Debug|Any CPU.ActiveCfg = Debug
		{FC91241B-E4C3-4609-AED6-622B13D3AB2E}.Release|Any CPU.ActiveCfg = Release
	EndGlobalSection
	GlobalSection(SolutionProperties) = preSolution
		HideSolutionNode = FALSE
	EndGlobalSection
	GlobalSection(ExtensibilityGlobals) = postSolution
		SolutionGuid = {8329773A-C89D-4F66-8B46-7E24E69A421F}
	EndGlobalSection
EndGlobal
